
Microsoft Visual Studio Solution File, Format Version 12.00
# Visual Studio Version 16
VisualStudioVersion = 16.0.30907.101
MinimumVisualStudioVersion = 10.0.40219.1
Project("{FAE04EC0-301F-11D3-BF4B-00C04F79EFBC}") = "ApiProducto", "ApiProducto\ApiProducto.csproj", "{C9CD84D6-45D6-4B84-8EBD-F60A20A962E7}"
EndProject
Project("{FAE04EC0-301F-11D3-BF4B-00C04F79EFBC}") = "ApiProducto.Tests", "ApiProducto.Tests\ApiProducto.Tests.csproj", "{1C905E24-C808-4EF6-B7FA-58903DC50F19}"
EndProject
Global
	GlobalSection(SolutionConfigurationPlatforms) = preSolution
		Debug|Any CPU = Debug|Any CPU
		Release|Any CPU = Release|Any CPU
	EndGlobalSection
	GlobalSection(ProjectConfigurationPlatforms) = postSolution
		{C9CD84D6-45D6-4B84-8EBD-F60A20A962E7}.Debug|Any CPU.ActiveCfg = Debug|Any CPU
		{C9CD84D6-45D6-4B84-8EBD-F60A20A962E7}.Debug|Any CPU.Build.0 = Debug|Any CPU
		{C9CD84D6-45D6-4B84-8EBD-F60A20A962E7}.Release|Any CPU.ActiveCfg = Release|Any CPU
		{C9CD84D6-45D6-4B84-8EBD-F60A20A962E7}.Release|Any CPU.Build.0 = Release|Any CPU
		{1C905E24-C808-4EF6-B7FA-58903DC50F19}.Debug|Any CPU.ActiveCfg = Debug|Any CPU
		{1C905E24-C808-4EF6-B7FA-58903DC50F19}.Debug|Any CPU.Build.0 = Debug|Any CPU
		{1C905E24-C808-4EF6-B7FA-58903DC50F19}.Release|Any CPU.ActiveCfg = Release|Any CPU
		{1C905E24-C808-4EF6-B7FA-58903DC50F19}.Release|Any CPU.Build.0 = Release|Any CPU
	EndGlobalSection
	GlobalSection(SolutionProperties) = preSolution
		HideSolutionNode = FALSE
	EndGlobalSection
	GlobalSection(ExtensibilityGlobals) = postSolution
		SolutionGuid = {55821B4A-F09E-4B10-95AA-8BBE3E5F32C4}
	EndGlobalSection
EndGlobal
